// !$*UTF8*$!
{
	archiveVersion = 1;
	classes = {
	};
	objectVersion = 77;
	objects = {

/* Begin PBXBuildFile section */
		DA5FBF9F30296B5F00BD1530 /* GoogleSignIn in Frameworks */ = {isa = PBXBuildFile; productRef = DA5FBF9E30296B5F00BD1530 /* GoogleSignIn */; };
		DA5FBFA130296B5F00BD1530 /* GoogleSignInSwift in Frameworks */ = {isa = PBXBuildFile; productRef = DA5FBFA030296B5F00BD1530 /* GoogleSignInSwift */; };
		DA90B96D300EA5C300F6E501 /* Supabase in Frameworks */ = {isa = PBXBuildFile; productRef = DA90B96C300EA5C300F6E501 /* Supabase */; };
/* End PBXBuildFile section */

/* Begin PBXContainerItemProxy section */
		DAFBF9E33005B5ED0043463D /* PBXContainerItemProxy */ = {
			isa = PBXContainerItemProxy;
			containerPortal = DAFBF9CD3005B5EC0043463D /* Project object */;
			proxyType = 1;
			remoteGlobalIDString = DAFBF9D43005B5EC0043463D;
			remoteInfo = SquadFlow;
		};
		DAFBF9ED3005B5ED0043463D /* PBXContainerItemProxy */ = {
			isa = PBXContainerItemProxy;
			containerPortal = DAFBF9CD3005B5EC0043463D /* Project object */;
			proxyType = 1;
			remoteGlobalIDString = DAFBF9D43005B5EC0043463D;
			remoteInfo = SquadFlow;
		};
/* End PBXContainerItemProxy section */

/* Begin PBXFileReference section */
		DAFBF9D53005B5EC0043463D /* SquadFlow.app */ = {isa = PBXFileReference; explicitFileType = wrapper.application; includeInIndex = 0; path = SquadFlow.app; sourceTree = BUILT_PRODUCTS_DIR; };
		DAFBF9E23005B5ED0043463D /* SquadFlowTests.xctest */ = {isa = PBXFileReference; explicitFileType = wrapper.cfbundle; includeInIndex = 0; path = SquadFlowTests.xctest; sourceTree = BUILT_PRODUCTS_DIR; };
		DAFBF9EC3005B5ED0043463D /* SquadFlowUITests.xctest */ = {isa = PBXFileReference; explicitFileType = wrapper.cfbundle; includeInIndex = 0; path = SquadFlowUITests.xctest; sourceTree = BUILT_PRODUCTS_DIR; };
/* End PBXFileReference section */

/* Begin PBXFileSystemSynchronizedBuildFileExceptionSet section */
		DA5FBFA7302973B400BD1530 /* Exceptions for "SquadFlow" folder in "SquadFlow" target */ = {
			isa = PBXFileSystemSynchronizedBuildFileExceptionSet;
			membershipExceptions = (
				Info.plist,
			);
			target = DAFBF9D43005B5EC0043463D /* SquadFlow */;
		};
/* End PBXFileSystemSynchronizedBuildFileExceptionSet section */

/* Begin PBXFileSystemSynchronizedRootGroup section */
		DAFBF9D73005B5EC0043463D /* SquadFlow */ = {
			isa = PBXFileSystemSynchronizedRootGroup;
			exceptions = (
				DA5FBFA7302973B400BD1530 /* Exceptions for "SquadFlow" folder in "SquadFlow" target */,
			);
			path = SquadFlow;
			sourceTree = "<group>";
		};
		DAFBF9E53005B5ED0043463D /* SquadFlowTests */ = {
			isa = PBXFileSystemSynchronizedRootGroup;
			path = SquadFlowTests;
			sourceTree = "<group>";
		};
		DAFBF9EF3005B5ED0043463D /* SquadFlowUITests */ = {
			isa = PBXFileSystemSynchronizedRootGroup;
			path = SquadFlowUITests;
			sourceTree = "<group>";
		};
/* End PBXFileSystemSynchronizedRootGroup section */

/* Begin PBXFrameworksBuildPhase section */
		DAFBF9D23005B5EC0043463D /* Frameworks */ = {
			isa = PBXFrameworksBuildPhase;
			buildActionMask = 2147483647;
			files = (
				DA5FBFA130296B5F00BD1530 /* GoogleSignInSwift in Frameworks */,
				DA90B96D300EA5C300F6E501 /* Supabase in Frameworks */,
				DA5FBF9F30296B5F00BD1530 /* GoogleSignIn in Frameworks */,
			);
			runOnlyForDeploymentPostprocessing = 0;
		};
		DAFBF9DF3005B5ED0043463D /* Frameworks */ = {
			isa = PBXFrameworksBuildPhase;
			buildActionMask = 2147483647;
			files = (
			);
			runOnlyForDeploymentPostprocessing = 0;
		};
		DAFBF9E93005B5ED0043463D /* Frameworks */ = {
			isa = PBXFrameworksBuildPhase;
			buildActionMask = 2147483647;
			files = (
			);
			runOnlyForDeploymentPostprocessing = 0;
		};
/* End PBXFrameworksBuildPhase section */

/* Begin PBXGroup section */
		DAFBF9CC3005B5EC0043463D = {
			isa = PBXGroup;
			children = (
				DAFBF9D73005B5EC0043463D /* SquadFlow */,
				DAFBF9E53005B5ED0043463D /* SquadFlowTests */,
				DAFBF9EF3005B5ED0043463D /* SquadFlowUITests */,
				DAFBF9D63005B5EC0043463D /* Products */,
			);
			sourceTree = "<group>";
		};
		DAFBF9D63005B5EC0043463D /* Products */ = {
			isa = PBXGroup;
			children = (
				DAFBF9D53005B5EC0043463D /* SquadFlow.app */,
				DAFBF9E23005B5ED0043463D /* SquadFlowTests.xctest */,
				DAFBF9EC3005B5ED0043463D /* SquadFlowUITests.xctest */,
			);
			name = Products;
			sourceTree = "<group>";
		};
/* End PBXGroup section */

/* Begin PBXNativeTarget section */
		DAFBF9D43005B5EC0043463D /* SquadFlow */ = {
			isa = PBXNativeTarget;
			buildConfigurationList = DAFBF9F63005B5ED0043463D /* Build configuration list for PBXNativeTarget "SquadFlow" */;
			buildPhases = (
				DAFBF9D13005B5EC0043463D /* Sources */,
				DAFBF9D23005B5EC0043463D /* Frameworks */,
				DAFBF9D33005B5EC0043463D /* Resources */,
			);
			buildRules = (
			);
			dependencies = (
			);
			fileSystemSynchronizedGroups = (
				DAFBF9D73005B5EC0043463D /* SquadFlow */,
			);
			name = SquadFlow;
			packageProductDependencies = (
				DA90B96C300EA5C300F6E501 /* Supabase */,
				DA5FBF9E30296B5F00BD1530 /* GoogleSignIn */,
				DA5FBFA030296B5F00BD1530 /* GoogleSignInSwift */,
			);
			productName = SquadFlow;
			productReference = DAFBF9D53005B5EC0043463D /* SquadFlow.app */;
			productType = "com.apple.product-type.application";
		};
		DAFBF9E13005B5ED0043463D /* SquadFlowTests */ = {
			isa = PBXNativeTarget;
			buildConfigurationList = DAFBF9F93005B5ED0043463D /* Build configuration list for PBXNativeTarget "SquadFlowTests" */;
			buildPhases = (
				DAFBF9DE3005B5ED0043463D /* Sources */,
				DAFBF9DF3005B5ED0043463D /* Frameworks */,
				DAFBF9E03005B5ED0043463D /* Resources */,
			);
			buildRules = (
			);
			dependencies = (
				DAFBF9E43005B5ED0043463D /* PBXTargetDependency */,
			);
			fileSystemSynchronizedGroups = (
				DAFBF9E53005B5ED0043463D /* SquadFlowTests */,
			);
			name = SquadFlowTests;
			packageProductDependencies = (
			);
			productName = SquadFlowTests;
			productReference = DAFBF9E23005B5ED0043463D /* SquadFlowTests.xctest */;
			productType = "com.apple.product-type.bundle.unit-test";
		};
		DAFBF9EB3005B5ED0043463D /* SquadFlowUITests */ = {
			isa = PBXNativeTarget;
			buildConfigurationList = DAFBF9FC3005B5ED0043463D /* Build configuration list for PBXNativeTarget "SquadFlowUITests" */;
			buildPhases = (
				DAFBF9E83005B5ED0043463D /* Sources */,
				DAFBF9E93005B5ED0043463D /* Frameworks */,
				DAFBF9EA3005B5ED0043463D /* Resources */,
			);
			buildRules = (
			);
			dependencies = (
				DAFBF9EE3005B5ED0043463D /* PBXTargetDependency */,
			);
			fileSystemSynchronizedGroups = (
				DAFBF9EF3005B5ED0043463D /* SquadFlowUITests */,
			);
			name = SquadFlowUITests;
			packageProductDependencies = (
			);
			productName = SquadFlowUITests;
			productReference = DAFBF9EC3005B5ED0043463D /* SquadFlowUITests.xctest */;
			productType = "com.apple.product-type.bundle.ui-testing";
		};
/* End PBXNativeTarget section */

/* Begin PBXProject section */
		DAFBF9CD3005B5EC0043463D /* Project object */ = {
			isa = PBXProject;
			attributes = {
				BuildIndependentTargetsInParallel = 1;
				LastSwiftUpdateCheck = 2650;
				LastUpgradeCheck = 2650;
				TargetAttributes = {
					DAFBF9D43005B5EC0043463D = {
						CreatedOnToolsVersion = 26.5;
					};
					DAFBF9E13005B5ED0043463D = {
						CreatedOnToolsVersion = 26.5;
						TestTargetID = DAFBF9D43005B5EC0043463D;
					};
					DAFBF9EB3005B5ED0043463D = {
						CreatedOnToolsVersion = 26.5;
						TestTargetID = DAFBF9D43005B5EC0043463D;
					};
				};
			};
			buildConfigurationList = DAFBF9D03005B5EC0043463D /* Build configuration list for PBXProject "SquadFlow" */;
			developmentRegion = en;
			hasScannedForEncodings = 0;
			knownRegions = (
				en,
				Base,
			);
			mainGroup = DAFBF9CC3005B5EC0043463D;
			minimizedProjectReferenceProxies = 1;
			packageReferences = (
				DAFBFA1E3005C64A0043463D /* XCRemoteSwiftPackageReference "supabase-swift" */,
				DA5FBF9D30296B5F00BD1530 /* XCRemoteSwiftPackageReference "GoogleSignIn-iOS" */,
			);
			preferredProjectObjectVersion = 77;
			productRefGroup = DAFBF9D63005B5EC0043463D /* Products */;
			projectDirPath = "";
			projectRoot = "";
			targets = (
				DAFBF9D43005B5EC0043463D /* SquadFlow */,
				DAFBF9E13005B5ED0043463D /* SquadFlowTests */,
				DAFBF9EB3005B5ED0043463D /* SquadFlowUITests */,
			);
		};
/* End PBXProject section */

/* Begin PBXResourcesBuildPhase section */
		DAFBF9D33005B5EC0043463D /* Resources */ = {
			isa = PBXResourcesBuildPhase;
			buildActionMask = 2147483647;
			files = (
			);
			runOnlyForDeploymentPostprocessing = 0;
		};
		DAFBF9E03005B5ED0043463D /* Resources */ = {
			isa = PBXResourcesBuildPhase;
			buildActionMask = 2147483647;
			files = (
			);
			runOnlyForDeploymentPostprocessing = 0;
		};
		DAFBF9EA3005B5ED0043463D /* Resources */ = {
			isa = PBXResourcesBuildPhase;
			buildActionMask = 2147483647;
			files = (
			);
			runOnlyForDeploymentPostprocessing = 0;
		};
/* End PBXResourcesBuildPhase section */

/* Begin PBXSourcesBuildPhase section */
		DAFBF9D13005B5EC0043463D /* Sources */ = {
			isa = PBXSourcesBuildPhase;
			buildActionMask = 2147483647;
			files = (
			);
			runOnlyForDeploymentPostprocessing = 0;
		};
		DAFBF9DE3005B5ED0043463D /* Sources */ = {
			isa = PBXSourcesBuildPhase;
			buildActionMask = 2147483647;
			files = (
			);
			runOnlyForDeploymentPostprocessing = 0;
		};
		DAFBF9E83005B5ED0043463D /* Sources */ = {
			isa = PBXSourcesBuildPhase;
			buildActionMask = 2147483647;
			files = (
			);
			runOnlyForDeploymentPostprocessing = 0;
		};
/* End PBXSourcesBuildPhase section */

/* Begin PBXTargetDependency section */
		DAFBF9E43005B5ED0043463D /* PBXTargetDependency */ = {
			isa = PBXTargetDependency;
			target = DAFBF9D43005B5EC0043463D /* SquadFlow */;
			targetProxy = DAFBF9E33005B5ED0043463D /* PBXContainerItemProxy */;
		};
		DAFBF9EE3005B5ED0043463D /* PBXTargetDependency */ = {
			isa = PBXTargetDependency;
			target = DAFBF9D43005B5EC0043463D /* SquadFlow */;
			targetProxy = DAFBF9ED3005B5ED0043463D /* PBXContainerItemProxy */;
		};
/* End PBXTargetDependency section */

/* Begin XCBuildConfiguration section */
		DAFBF9F43005B5ED0043463D /* Debug */ = {
			isa = XCBuildConfiguration;
			buildSettings = {
				ALWAYS_SEARCH_USER_PATHS = NO;
				ASSETCATALOG_COMPILER_GENERATE_SWIFT_ASSET_SYMBOL_EXTENSIONS = YES;
				CLANG_ANALYZER_NONNULL = YES;
				CLANG_ANALYZER_NUMBER_OBJECT_CONVERSION = YES_AGGRESSIVE;
				CLANG_CXX_LANGUAGE_STANDARD = "gnu++20";
				CLANG_ENABLE_MODULES = YES;
				CLANG_ENABLE_OBJC_ARC = YES;
				CLANG_ENABLE_OBJC_WEAK = YES;
				CLANG_WARN_BLOCK_CAPTURE_AUTORELEASING = YES;
				CLANG_WARN_BOOL_CONVERSION = YES;
				CLANG_WARN_COMMA = YES;
				CLANG_WARN_CONSTANT_CONVERSION = YES;
				CLANG_WARN_DEPRECATED_OBJC_IMPLEMENTATIONS = YES;
				CLANG_WARN_DIRECT_OBJC_ISA_USAGE = YES_ERROR;
				CLANG_WARN_DOCUMENTATION_COMMENTS = YES;
				CLANG_WARN_EMPTY_BODY = YES;
				CLANG_WARN_ENUM_CONVERSION = YES;
				CLANG_WARN_INFINITE_RECURSION = YES;
				CLANG_WARN_INT_CONVERSION = YES;
				CLANG_WARN_NON_LITERAL_NULL_CONVERSION = YES;
				CLANG_WARN_OBJC_IMPLICIT_RETAIN_SELF = YES;
				CLANG_WARN_OBJC_LITERAL_CONVERSION = YES;
				CLANG_WARN_OBJC_ROOT_CLASS = YES_ERROR;
				CLANG_WARN_QUOTED_INCLUDE_IN_FRAMEWORK_HEADER = YES;
				CLANG_WARN_RANGE_LOOP_ANALYSIS = YES;
				CLANG_WARN_STRICT_PROTOTYPES = YES;
				CLANG_WARN_SUSPICIOUS_MOVE = YES;
				CLANG_WARN_UNGUARDED_AVAILABILITY = YES_AGGRESSIVE;
				CLANG_WARN_UNREACHABLE_CODE = YES;
				CLANG_WARN__DUPLICATE_METHOD_MATCH = YES;
				COPY_PHASE_STRIP = NO;
				DEBUG_INFORMATION_FORMAT = dwarf;
				DEVELOPMENT_TEAM = 9AP33796AM;
				ENABLE_STRICT_OBJC_MSGSEND = YES;
				ENABLE_TESTABILITY = YES;
				ENABLE_USER_SCRIPT_SANDBOXING = YES;
				GCC_C_LANGUAGE_STANDARD = gnu17;
				GCC_DYNAMIC_NO_PIC = NO;
				GCC_NO_COMMON_BLOCKS = YES;
				GCC_OPTIMIZATION_LEVEL = 0;
				GCC_PREPROCESSOR_DEFINITIONS = (
					"DEBUG=1",
					"$(inherited)",
				);
				GCC_WARN_64_TO_32_BIT_CONVERSION = YES;
				GCC_WARN_ABOUT_RETURN_TYPE = YES_ERROR;
				GCC_WARN_UNDECLARED_SELECTOR = YES;
				GCC_WARN_UNINITIALIZED_AUTOS = YES_AGGRESSIVE;
				GCC_WARN_UNUSED_FUNCTION = YES;
				GCC_WARN_UNUSED_VARIABLE = YES;
				IPHONEOS_DEPLOYMENT_TARGET = 26.5;
				LOCALIZATION_PREFERS_STRING_CATALOGS = YES;
				MTL_ENABLE_DEBUG_INFO = INCLUDE_SOURCE;
				MTL_FAST_MATH = YES;
				ONLY_ACTIVE_ARCH = YES;
				SDKROOT = iphoneos;
				SWIFT_ACTIVE_COMPILATION_CONDITIONS = "DEBUG $(inherited)";
				SWIFT_OPTIMIZATION_LEVEL = "-Onone";
			};
			name = Debug;
		};
		DAFBF9F53005B5ED0043463D /* Release */ = {
			isa = XCBuildConfiguration;
			buildSettings = {
				ALWAYS_SEARCH_USER_PATHS = NO;
				ASSETCATALOG_COMPILER_GENERATE_SWIFT_ASSET_SYMBOL_EXTENSIONS = YES;
				CLANG_ANALYZER_NONNULL = YES;
				CLANG_ANALYZER_NUMBER_OBJECT_CONVERSION = YES_AGGRESSIVE;
				CLANG_CXX_LANGUAGE_STANDARD = "gnu++20";
				CLANG_ENABLE_MODULES = YES;
				CLANG_ENABLE_OBJC_ARC = YES;
				CLANG_ENABLE_OBJC_WEAK = YES;
				CLANG_WARN_BLOCK_CAPTURE_AUTORELEASING = YES;
				CLANG_WARN_BOOL_CONVERSION = YES;
				CLANG_WARN_COMMA = YES;
				CLANG_WARN_CONSTANT_CONVERSION = YES;
				CLANG_WARN_DEPRECATED_OBJC_IMPLEMENTATIONS = YES;
				CLANG_WARN_DIRECT_OBJC_ISA_USAGE = YES_ERROR;
				CLANG_WARN_DOCUMENTATION_COMMENTS = YES;
				CLANG_WARN_EMPTY_BODY = YES;
				CLANG_WARN_ENUM_CONVERSION = YES;
				CLANG_WARN_INFINITE_RECURSION = YES;
				CLANG_WARN_INT_CONVERSION = YES;
				CLANG_WARN_NON_LITERAL_NULL_CONVERSION = YES;
				CLANG_WARN_OBJC_IMPLICIT_RETAIN_SELF = YES;
				CLANG_WARN_OBJC_LITERAL_CONVERSION = YES;
				CLANG_WARN_OBJC_ROOT_CLASS = YES_ERROR;
				CLANG_WARN_QUOTED_INCLUDE_IN_FRAMEWORK_HEADER = YES;
				CLANG_WARN_RANGE_LOOP_ANALYSIS = YES;
				CLANG_WARN_STRICT_PROTOTYPES = YES;
				CLANG_WARN_SUSPICIOUS_MOVE = YES;
				CLANG_WARN_UNGUARDED_AVAILABILITY = YES_AGGRESSIVE;
				CLANG_WARN_UNREACHABLE_CODE = YES;
				CLANG_WARN__DUPLICATE_METHOD_MATCH = YES;
				COPY_PHASE_STRIP = NO;
				DEBUG_INFORMATION_FORMAT = "dwarf-with-dsym";
				DEVELOPMENT_TEAM = 9AP33796AM;
				ENABLE_NS_ASSERTIONS = NO;
				ENABLE_STRICT_OBJC_MSGSEND = YES;
				ENABLE_USER_SCRIPT_SANDBOXING = YES;
				GCC_C_LANGUAGE_STANDARD = gnu17;
				GCC_NO_COMMON_BLOCKS = YES;
				GCC_WARN_64_TO_32_BIT_CONVERSION = YES;
				GCC_WARN_ABOUT_RETURN_TYPE = YES_ERROR;
				GCC_WARN_UNDECLARED_SELECTOR = YES;
				GCC_WARN_UNINITIALIZED_AUTOS = YES_AGGRESSIVE;
				GCC_WARN_UNUSED_FUNCTION = YES;
				GCC_WARN_UNUSED_VARIABLE = YES;
				IPHONEOS_DEPLOYMENT_TARGET = 26.5;
				LOCALIZATION_PREFERS_STRING_CATALOGS = YES;
				MTL_ENABLE_DEBUG_INFO = NO;
				MTL_FAST_MATH = YES;
				SDKROOT = iphoneos;
				SWIFT_COMPILATION_MODE = wholemodule;
				VALIDATE_PRODUCT = YES;
			};
			name = Release;
		};
		DAFBF9F73005B5ED0043463D /* Debug */ = {
			isa = XCBuildConfiguration;
			buildSettings = {
				ASSETCATALOG_COMPILER_APPICON_NAME = AppIcon;
				ASSETCATALOG_COMPILER_GLOBAL_ACCENT_COLOR_NAME = AccentColor;
				CODE_SIGN_STYLE = Automatic;
				CURRENT_PROJECT_VERSION = 1;
				DEVELOPMENT_TEAM = 9AP33796AM;
				ENABLE_PREVIEWS = YES;
				GENERATE_INFOPLIST_FILE = YES;
				INFOPLIST_FILE = SquadFlow/Info.plist;
				INFOPLIST_KEY_UIApplicationSceneManifest_Generation = YES;
				INFOPLIST_KEY_UIApplicationSupportsIndirectInputEvents = YES;
				INFOPLIST_KEY_UILaunchScreen_Generation = YES;
				INFOPLIST_KEY_UISupportedInterfaceOrientations_iPad = "UIInterfaceOrientationPortrait UIInterfaceOrientationPortraitUpsideDown UIInterfaceOrientationLandscapeLeft UIInterfaceOrientationLandscapeRight";
				INFOPLIST_KEY_UISupportedInterfaceOrientations_iPhone = "UIInterfaceOrientationPortrait UIInterfaceOrientationLandscapeLeft UIInterfaceOrientationLandscapeRight";
				LD_RUNPATH_SEARCH_PATHS = (
					"$(inherited)",
					"@executable_path/Frameworks",
				);
				MARKETING_VERSION = 1.0;
				PRODUCT_BUNDLE_IDENTIFIER = com.juanvzreyes.SquadFlow;
				PRODUCT_NAME = "$(TARGET_NAME)";
				STRING_CATALOG_GENERATE_SYMBOLS = YES;
				SWIFT_APPROACHABLE_CONCURRENCY = YES;
				SWIFT_DEFAULT_ACTOR_ISOLATION = MainActor;
				SWIFT_EMIT_LOC_STRINGS = YES;
				SWIFT_UPCOMING_FEATURE_MEMBER_IMPORT_VISIBILITY = YES;
				SWIFT_VERSION = 6.0;
				TARGETED_DEVICE_FAMILY = "1,2";
			};
			name = Debug;
		};
		DAFBF9F83005B5ED0043463D /* Release */ = {
			isa = XCBuildConfiguration;
			buildSettings = {
				ASSETCATALOG_COMPILER_APPICON_NAME = AppIcon;
				ASSETCATALOG_COMPILER_GLOBAL_ACCENT_COLOR_NAME = AccentColor;
				CODE_SIGN_STYLE = Automatic;
				CURRENT_PROJECT_VERSION = 1;
				DEVELOPMENT_TEAM = 9AP33796AM;
				ENABLE_PREVIEWS = YES;
				GENERATE_INFOPLIST_FILE = YES;
				INFOPLIST_FILE = SquadFlow/Info.plist;
				INFOPLIST_KEY_UIApplicationSceneManifest_Generation = YES;
				INFOPLIST_KEY_UIApplicationSupportsIndirectInputEvents = YES;
				INFOPLIST_KEY_UILaunchScreen_Generation = YES;
				INFOPLIST_KEY_UISupportedInterfaceOrientations_iPad = "UIInterfaceOrientationPortrait UIInterfaceOrientationPortraitUpsideDown UIInterfaceOrientationLandscapeLeft UIInterfaceOrientationLandscapeRight";
				INFOPLIST_KEY_UISupportedInterfaceOrientations_iPhone = "UIInterfaceOrientationPortrait UIInterfaceOrientationLandscapeLeft UIInterfaceOrientationLandscapeRight";
				LD_RUNPATH_SEARCH_PATHS = (
					"$(inherited)",
					"@executable_path/Frameworks",
				);
				MARKETING_VERSION = 1.0;
				PRODUCT_BUNDLE_IDENTIFIER = com.juanvzreyes.SquadFlow;
				PRODUCT_NAME = "$(TARGET_NAME)";
				STRING_CATALOG_GENERATE_SYMBOLS = YES;
				SWIFT_APPROACHABLE_CONCURRENCY = YES;
				SWIFT_DEFAULT_ACTOR_ISOLATION = MainActor;
				SWIFT_EMIT_LOC_STRINGS = YES;
				SWIFT_UPCOMING_FEATURE_MEMBER_IMPORT_VISIBILITY = YES;
				SWIFT_VERSION = 6.0;
				TARGETED_DEVICE_FAMILY = "1,2";
			};
			name = Release;
		};
		DAFBF9FA3005B5ED0043463D /* Debug */ = {
			isa = XCBuildConfiguration;
			buildSettings = {
				BUNDLE_LOADER = "$(TEST_HOST)";
				CODE_SIGN_STYLE = Automatic;
				CURRENT_PROJECT_VERSION = 1;
				DEVELOPMENT_TEAM = 9AP33796AM;
				GENERATE_INFOPLIST_FILE = YES;
				IPHONEOS_DEPLOYMENT_TARGET = 26.5;
				MARKETING_VERSION = 1.0;
				PRODUCT_BUNDLE_IDENTIFIER = com.juanvzreyes.SquadFlowTests;
				PRODUCT_NAME = "$(TARGET_NAME)";
				STRING_CATALOG_GENERATE_SYMBOLS = NO;
				SWIFT_APPROACHABLE_CONCURRENCY = YES;
				SWIFT_EMIT_LOC_STRINGS = NO;
				SWIFT_UPCOMING_FEATURE_MEMBER_IMPORT_VISIBILITY = YES;
				SWIFT_VERSION = 5.0;
				TARGETED_DEVICE_FAMILY = "1,2";
				TEST_HOST = "$(BUILT_PRODUCTS_DIR)/SquadFlow.app/$(BUNDLE_EXECUTABLE_FOLDER_PATH)/SquadFlow";
			};
			name = Debug;
		};
		DAFBF9FB3005B5ED0043463D /* Release */ = {
			isa = XCBuildConfiguration;
			buildSettings = {
				BUNDLE_LOADER = "$(TEST_HOST)";
				CODE_SIGN_STYLE = Automatic;
				CURRENT_PROJECT_VERSION = 1;
				DEVELOPMENT_TEAM = 9AP33796AM;
				GENERATE_INFOPLIST_FILE = YES;
				IPHONEOS_DEPLOYMENT_TARGET = 26.5;
				MARKETING_VERSION = 1.0;
				PRODUCT_BUNDLE_IDENTIFIER = com.juanvzreyes.SquadFlowTests;
				PRODUCT_NAME = "$(TARGET_NAME)";
				STRING_CATALOG_GENERATE_SYMBOLS = NO;
				SWIFT_APPROACHABLE_CONCURRENCY = YES;
				SWIFT_EMIT_LOC_STRINGS = NO;
				SWIFT_UPCOMING_FEATURE_MEMBER_IMPORT_VISIBILITY = YES;
				SWIFT_VERSION = 5.0;
				TARGETED_DEVICE_FAMILY = "1,2";
				TEST_HOST = "$(BUILT_PRODUCTS_DIR)/SquadFlow.app/$(BUNDLE_EXECUTABLE_FOLDER_PATH)/SquadFlow";
			};
			name = Release;
		};
		DAFBF9FD3005B5ED0043463D /* Debug */ = {
			isa = XCBuildConfiguration;
			buildSettings = {
				CODE_SIGN_STYLE = Automatic;
				CURRENT_PROJECT_VERSION = 1;
				DEVELOPMENT_TEAM = 9AP33796AM;
				GENERATE_INFOPLIST_FILE = YES;
				MARKETING_VERSION = 1.0;
				PRODUCT_BUNDLE_IDENTIFIER = com.juanvzreyes.SquadFlowUITests;
				PRODUCT_NAME = "$(TARGET_NAME)";
				STRING_CATALOG_GENERATE_SYMBOLS = NO;
				SWIFT_APPROACHABLE_CONCURRENCY = YES;
				SWIFT_EMIT_LOC_STRINGS = NO;
				SWIFT_UPCOMING_FEATURE_MEMBER_IMPORT_VISIBILITY = YES;
				SWIFT_VERSION = 5.0;
				TARGETED_DEVICE_FAMILY = "1,2";
				TEST_TARGET_NAME = SquadFlow;
			};
			name = Debug;
		};
		DAFBF9FE3005B5ED0043463D /* Release */ = {
			isa = XCBuildConfiguration;
			buildSettings = {
				CODE_SIGN_STYLE = Automatic;
				CURRENT_PROJECT_VERSION = 1;
				DEVELOPMENT_TEAM = 9AP33796AM;
				GENERATE_INFOPLIST_FILE = YES;
				MARKETING_VERSION = 1.0;
				PRODUCT_BUNDLE_IDENTIFIER = com.juanvzreyes.SquadFlowUITests;
				PRODUCT_NAME = "$(TARGET_NAME)";
				STRING_CATALOG_GENERATE_SYMBOLS = NO;
				SWIFT_APPROACHABLE_CONCURRENCY = YES;
				SWIFT_EMIT_LOC_STRINGS = NO;
				SWIFT_UPCOMING_FEATURE_MEMBER_IMPORT_VISIBILITY = YES;
				SWIFT_VERSION = 5.0;
				TARGETED_DEVICE_FAMILY = "1,2";
				TEST_TARGET_NAME = SquadFlow;
			};
			name = Release;
		};
/* End XCBuildConfiguration section */

/* Begin XCConfigurationList section */
		DAFBF9D03005B5EC0043463D /* Build configuration list for PBXProject "SquadFlow" */ = {
			isa = XCConfigurationList;
			buildConfigurations = (
				DAFBF9F43005B5ED0043463D /* Debug */,
				DAFBF9F53005B5ED0043463D /* Release */,
			);
			defaultConfigurationIsVisible = 0;
			defaultConfigurationName = Release;
		};
		DAFBF9F63005B5ED0043463D /* Build configuration list for PBXNativeTarget "SquadFlow" */ = {
			isa = XCConfigurationList;
			buildConfigurations = (
				DAFBF9F73005B5ED0043463D /* Debug */,
				DAFBF9F83005B5ED0043463D /* Release */,
			);
			defaultConfigurationIsVisible = 0;
			defaultConfigurationName = Release;
		};
		DAFBF9F93005B5ED0043463D /* Build configuration list for PBXNativeTarget "SquadFlowTests" */ = {
			isa = XCConfigurationList;
			buildConfigurations = (
				DAFBF9FA3005B5ED0043463D /* Debug */,
				DAFBF9FB3005B5ED0043463D /* Release */,
			);
			defaultConfigurationIsVisible = 0;
			defaultConfigurationName = Release;
		};
		DAFBF9FC3005B5ED0043463D /* Build configuration list for PBXNativeTarget "SquadFlowUITests" */ = {
			isa = XCConfigurationList;
			buildConfigurations = (
				DAFBF9FD3005B5ED0043463D /* Debug */,
				DAFBF9FE3005B5ED0043463D /* Release */,
			);
			defaultConfigurationIsVisible = 0;
			defaultConfigurationName = Release;
		};
/* End XCConfigurationList section */

/* Begin XCRemoteSwiftPackageReference section */
		DA5FBF9D30296B5F00BD1530 /* XCRemoteSwiftPackageReference "GoogleSignIn-iOS" */ = {
			isa = XCRemoteSwiftPackageReference;
			repositoryURL = "https://github.com/google/GoogleSignIn-iOS";
			requirement = {
				kind = upToNextMajorVersion;
				minimumVersion = 9.2.0;
			};
		};
		DAFBFA1E3005C64A0043463D /* XCRemoteSwiftPackageReference "supabase-swift" */ = {
			isa = XCRemoteSwiftPackageReference;
			repositoryURL = "https://github.com/supabase/supabase-swift.git";
			requirement = {
				kind = upToNextMajorVersion;
				minimumVersion = 2.5.1;
			};
		};
/* End XCRemoteSwiftPackageReference section */

/* Begin XCSwiftPackageProductDependency section */
		DA5FBF9E30296B5F00BD1530 /* GoogleSignIn */ = {
			isa = XCSwiftPackageProductDependency;
			package = DA5FBF9D30296B5F00BD1530 /* XCRemoteSwiftPackageReference "GoogleSignIn-iOS" */;
			productName = GoogleSignIn;
		};
		DA5FBFA030296B5F00BD1530 /* GoogleSignInSwift */ = {
			isa = XCSwiftPackageProductDependency;
			package = DA5FBF9D30296B5F00BD1530 /* XCRemoteSwiftPackageReference "GoogleSignIn-iOS" */;
			productName = GoogleSignInSwift;
		};
		DA90B96C300EA5C300F6E501 /* Supabase */ = {
			isa = XCSwiftPackageProductDependency;
			package = DAFBFA1E3005C64A0043463D /* XCRemoteSwiftPackageReference "supabase-swift" */;
			productName = Supabase;
		};
/* End XCSwiftPackageProductDependency section */
	};
	rootObject = DAFBF9CD3005B5EC0043463D /* Project object */;
}
